
Microsoft Visual Studio Solution File, Format Version 12.00
# Visual Studio Version 17
VisualStudioVersion = 17.5.2.0
MinimumVisualStudioVersion = 10.0.40219.1
Project("{2150E333-8FDC-42A3-9474-1A3956D46DE8}") = "src", "src", "{827E0CD3-B72D-47B6-A68D-7590B98EB39B}"
EndProject
Project("{FAE04EC0-301F-11D3-BF4B-00C04F79EFBC}") = "Codeflix.Catalog.Dotnet.Api", "src\Codeflix.Catalog.Dotnet.Api\Codeflix.Catalog.Dotnet.Api.csproj", "{E25BED1E-D4D3-6FB4-F930-C825CC01B71E}"
EndProject
Project("{FAE04EC0-301F-11D3-BF4B-00C04F79EFBC}") = "Codeflix.Catalog.Dotnet.Domain", "src\Codeflix.Catalog.Dotnet.Domain\Codeflix.Catalog.Dotnet.Domain.csproj", "{613593C4-46C0-4B75-B528-AE95A689028E}"
EndProject
Project("{2150E333-8FDC-42A3-9474-1A3956D46DE8}") = "tests", "tests", "{0AB3BF05-4346-4AA6-1389-037BE0695223}"
EndProject
Project("{FAE04EC0-301F-11D3-BF4B-00C04F79EFBC}") = "Codeflix.Catalog.Dotnet.UnitTests", "tests\Codeflix.Catalog.Dotnet.UnitTests\Codeflix.Catalog.Dotnet.UnitTests.csproj", "{CB99BDEA-CF83-433F-91B0-C28526254866}"
EndProject
Project("{FAE04EC0-301F-11D3-BF4B-00C04F79EFBC}") = "Codeflix.Catalog.Dotnet.Application", "src\Codeflix.Catalog.Dotnet.Application\Codeflix.Catalog.Dotnet.Application.csproj", "{B1BDBD57-8E12-4C02-BEE7-1E09C31B3FAD}"
EndProject
Project("{FAE04EC0-301F-11D3-BF4B-00C04F79EFBC}") = "Codeflix.Catalog.Dotnet.Infra.Data.EF", "src\Codeflix.Catalog.Dotnet.Infra.Data.EF\Codeflix.Catalog.Dotnet.Infra.Data.EF.csproj", "{03C04F47-257E-4C41-B8A3-5E0D824767DD}"
EndProject
Project("{FAE04EC0-301F-11D3-BF4B-00C04F79EFBC}") = "Codeflix.Catalog.Dotnet.IntegrationTests", "tests\Codeflix.Catalog.Dotnet.IntegrationTests\Codeflix.Catalog.Dotnet.IntegrationTests.csproj", "{13F0883C-026D-449D-8CB5-7E367AC4BCAA}"
EndProject
Global
	GlobalSection(SolutionConfigurationPlatforms) = preSolution
		Debug|Any CPU = Debug|Any CPU
		Debug|x64 = Debug|x64
		Debug|x86 = Debug|x86
		Release|Any CPU = Release|Any CPU
		Release|x64 = Release|x64
		Release|x86 = Release|x86
	EndGlobalSection
	GlobalSection(ProjectConfigurationPlatforms) = postSolution
		{E25BED1E-D4D3-6FB4-F930-C825CC01B71E}.Debug|Any CPU.ActiveCfg = Debug|Any CPU
		{E25BED1E-D4D3-6FB4-F930-C825CC01B71E}.Debug|Any CPU.Build.0 = Debug|Any CPU
		{E25BED1E-D4D3-6FB4-F930-C825CC01B71E}.Debug|x64.ActiveCfg = Debug|Any CPU
		{E25BED1E-D4D3-6FB4-F930-C825CC01B71E}.Debug|x64.Build.0 = Debug|Any CPU
		{E25BED1E-D4D3-6FB4-F930-C825CC01B71E}.Debug|x86.ActiveCfg = Debug|Any CPU
		{E25BED1E-D4D3-6FB4-F930-C825CC01B71E}.Debug|x86.Build.0 = Debug|Any CPU
		{E25BED1E-D4D3-6FB4-F930-C825CC01B71E}.Release|Any CPU.ActiveCfg = Release|Any CPU
		{E25BED1E-D4D3-6FB4-F930-C825CC01B71E}.Release|Any CPU.Build.0 = Release|Any CPU
		{E25BED1E-D4D3-6FB4-F930-C825CC01B71E}.Release|x64.ActiveCfg = Release|Any CPU
		{E25BED1E-D4D3-6FB4-F930-C825CC01B71E}.Release|x64.Build.0 = Release|Any CPU
		{E25BED1E-D4D3-6FB4-F930-C825CC01B71E}.Release|x86.ActiveCfg = Release|Any CPU
		{E25BED1E-D4D3-6FB4-F930-C825CC01B71E}.Release|x86.Build.0 = Release|Any CPU
		{613593C4-46C0-4B75-B528-AE95A689028E}.Debug|Any CPU.ActiveCfg = Debug|Any CPU
		{613593C4-46C0-4B75-B528-AE95A689028E}.Debug|Any CPU.Build.0 = Debug|Any CPU
		{613593C4-46C0-4B75-B528-AE95A689028E}.Debug|x64.ActiveCfg = Debug|Any CPU
		{613593C4-46C0-4B75-B528-AE95A689028E}.Debug|x64.Build.0 = Debug|Any CPU
		{613593C4-46C0-4B75-B528-AE95A689028E}.Debug|x86.ActiveCfg = Debug|Any CPU
		{613593C4-46C0-4B75-B528-AE95A689028E}.Debug|x86.Build.0 = Debug|Any CPU
		{613593C4-46C0-4B75-B528-AE95A689028E}.Release|Any CPU.ActiveCfg = Release|Any CPU
		{613593C4-46C0-4B75-B528-AE95A689028E}.Release|Any CPU.Build.0 = Release|Any CPU
		{613593C4-46C0-4B75-B528-AE95A689028E}.Release|x64.ActiveCfg = Release|Any CPU
		{613593C4-46C0-4B75-B528-AE95A689028E}.Release|x64.Build.0 = Release|Any CPU
		{613593C4-46C0-4B75-B528-AE95A689028E}.Release|x86.ActiveCfg = Release|Any CPU
		{613593C4-46C0-4B75-B528-AE95A689028E}.Release|x86.Build.0 = Release|Any CPU
		{CB99BDEA-CF83-433F-91B0-C28526254866}.Debug|Any CPU.ActiveCfg = Debug|Any CPU
		{CB99BDEA-CF83-433F-91B0-C28526254866}.Debug|Any CPU.Build.0 = Debug|Any CPU
		{CB99BDEA-CF83-433F-91B0-C28526254866}.Debug|x64.ActiveCfg = Debug|Any CPU
		{CB99BDEA-CF83-433F-91B0-C28526254866}.Debug|x64.Build.0 = Debug|Any CPU
		{CB99BDEA-CF83-433F-91B0-C28526254866}.Debug|x86.ActiveCfg = Debug|Any CPU
		{CB99BDEA-CF83-433F-91B0-C28526254866}.Debug|x86.Build.0 = Debug|Any CPU
		{CB99BDEA-CF83-433F-91B0-C28526254866}.Release|Any CPU.ActiveCfg = Release|Any CPU
		{CB99BDEA-CF83-433F-91B0-C28526254866}.Release|Any CPU.Build.0 = Release|Any CPU
		{CB99BDEA-CF83-433F-91B0-C28526254866}.Release|x64.ActiveCfg = Release|Any CPU
		{CB99BDEA-CF83-433F-91B0-C28526254866}.Release|x64.Build.0 = Release|Any CPU
		{CB99BDEA-CF83-433F-91B0-C28526254866}.Release|x86.ActiveCfg = Release|Any CPU
		{CB99BDEA-CF83-433F-91B0-C28526254866}.Release|x86.Build.0 = Release|Any CPU
		{B1BDBD57-8E12-4C02-BEE7-1E09C31B3FAD}.Debug|Any CPU.ActiveCfg = Debug|Any CPU
		{B1BDBD57-8E12-4C02-BEE7-1E09C31B3FAD}.Debug|Any CPU.Build.0 = Debug|Any CPU
		{B1BDBD57-8E12-4C02-BEE7-1E09C31B3FAD}.Debug|x64.ActiveCfg = Debug|Any CPU
		{B1BDBD57-8E12-4C02-BEE7-1E09C31B3FAD}.Debug|x64.Build.0 = Debug|Any CPU
		{B1BDBD57-8E12-4C02-BEE7-1E09C31B3FAD}.Debug|x86.ActiveCfg = Debug|Any CPU
		{B1BDBD57-8E12-4C02-BEE7-1E09C31B3FAD}.Debug|x86.Build.0 = Debug|Any CPU
		{B1BDBD57-8E12-4C02-BEE7-1E09C31B3FAD}.Release|Any CPU.ActiveCfg = Release|Any CPU
		{B1BDBD57-8E12-4C02-BEE7-1E09C31B3FAD}.Release|Any CPU.Build.0 = Release|Any CPU
		{B1BDBD57-8E12-4C02-BEE7-1E09C31B3FAD}.Release|x64.ActiveCfg = Release|Any CPU
		{B1BDBD57-8E12-4C02-BEE7-1E09C31B3FAD}.Release|x64.Build.0 = Release|Any CPU
		{B1BDBD57-8E12-4C02-BEE7-1E09C31B3FAD}.Release|x86.ActiveCfg = Release|Any CPU
		{B1BDBD57-8E12-4C02-BEE7-1E09C31B3FAD}.Release|x86.Build.0 = Release|Any CPU
		{03C04F47-257E-4C41-B8A3-5E0D824767DD}.Debug|Any CPU.ActiveCfg = Debug|Any CPU
		{03C04F47-257E-4C41-B8A3-5E0D824767DD}.Debug|Any CPU.Build.0 = Debug|Any CPU
		{03C04F47-257E-4C41-B8A3-5E0D824767DD}.Debug|x64.ActiveCfg = Debug|Any CPU
		{03C04F47-257E-4C41-B8A3-5E0D824767DD}.Debug|x64.Build.0 = Debug|Any CPU
		{03C04F47-257E-4C41-B8A3-5E0D824767DD}.Debug|x86.ActiveCfg = Debug|Any CPU
		{03C04F47-257E-4C41-B8A3-5E0D824767DD}.Debug|x86.Build.0 = Debug|Any CPU
		{03C04F47-257E-4C41-B8A3-5E0D824767DD}.Release|Any CPU.ActiveCfg = Release|Any CPU
		{03C04F47-257E-4C41-B8A3-5E0D824767DD}.Release|Any CPU.Build.0 = Release|Any CPU
		{03C04F47-257E-4C41-B8A3-5E0D824767DD}.Release|x64.ActiveCfg = Release|Any CPU
		{03C04F47-257E-4C41-B8A3-5E0D824767DD}.Release|x64.Build.0 = Release|Any CPU
		{03C04F47-257E-4C41-B8A3-5E0D824767DD}.Release|x86.ActiveCfg = Release|Any CPU
		{03C04F47-257E-4C41-B8A3-5E0D824767DD}.Release|x86.Build.0 = Release|Any CPU
		{13F0883C-026D-449D-8CB5-7E367AC4BCAA}.Debug|Any CPU.ActiveCfg = Debug|Any CPU
		{13F0883C-026D-449D-8CB5-7E367AC4BCAA}.Debug|Any CPU.Build.0 = Debug|Any CPU
		{13F0883C-026D-449D-8CB5-7E367AC4BCAA}.Debug|x64.ActiveCfg = Debug|Any CPU
		{13F0883C-026D-449D-8CB5-7E367AC4BCAA}.Debug|x64.Build.0 = Debug|Any CPU
		{13F0883C-026D-449D-8CB5-7E367AC4BCAA}.Debug|x86.ActiveCfg = Debug|Any CPU
		{13F0883C-026D-449D-8CB5-7E367AC4BCAA}.Debug|x86.Build.0 = Debug|Any CPU
		{13F0883C-026D-449D-8CB5-7E367AC4BCAA}.Release|Any CPU.ActiveCfg = Release|Any CPU
		{13F0883C-026D-449D-8CB5-7E367AC4BCAA}.Release|Any CPU.Build.0 = Release|Any CPU
		{13F0883C-026D-449D-8CB5-7E367AC4BCAA}.Release|x64.ActiveCfg = Release|Any CPU
		{13F0883C-026D-449D-8CB5-7E367AC4BCAA}.Release|x64.Build.0 = Release|Any CPU
		{13F0883C-026D-449D-8CB5-7E367AC4BCAA}.Release|x86.ActiveCfg = Release|Any CPU
		{13F0883C-026D-449D-8CB5-7E367AC4BCAA}.Release|x86.Build.0 = Release|Any CPU
	EndGlobalSection
	GlobalSection(SolutionProperties) = preSolution
		HideSolutionNode = FALSE
	EndGlobalSection
	GlobalSection(NestedProjects) = preSolution
		{E25BED1E-D4D3-6FB4-F930-C825CC01B71E} = {827E0CD3-B72D-47B6-A68D-7590B98EB39B}
		{613593C4-46C0-4B75-B528-AE95A689028E} = {827E0CD3-B72D-47B6-A68D-7590B98EB39B}
		{CB99BDEA-CF83-433F-91B0-C28526254866} = {0AB3BF05-4346-4AA6-1389-037BE0695223}
		{B1BDBD57-8E12-4C02-BEE7-1E09C31B3FAD} = {827E0CD3-B72D-47B6-A68D-7590B98EB39B}
		{03C04F47-257E-4C41-B8A3-5E0D824767DD} = {827E0CD3-B72D-47B6-A68D-7590B98EB39B}
		{13F0883C-026D-449D-8CB5-7E367AC4BCAA} = {0AB3BF05-4346-4AA6-1389-037BE0695223}
	EndGlobalSection
	GlobalSection(ExtensibilityGlobals) = postSolution
		SolutionGuid = {209FF64A-4CF1-431A-A16F-27E360EB9DBB}
	EndGlobalSection
EndGlobal
